
Microsoft Visual Studio Solution File, Format Version 12.00
# Visual Studio Version 16
VisualStudioVersion = 16.0.30907.101
MinimumVisualStudioVersion = 10.0.40219.1
Project("{FAE04EC0-301F-11D3-BF4B-00C04F79EFBC}") = "TaskSolving", "TaskSolving\TaskSolving.csproj", "{6EE3AC87-576E-4081-9E8A-846398841796}"
EndProject
Global
	GlobalSection(SolutionConfigurationPlatforms) = preSolution
		Debug|Any CPU = Debug|Any CPU
		Release|Any CPU = Release|Any CPU
	EndGlobalSection
	GlobalSection(ProjectConfigurationPlatforms) = postSolution
		{6EE3AC87-576E-4081-9E8A-846398841796}.Debug|Any CPU.ActiveCfg = Debug|Any CPU
		{6EE3AC87-576E-4081-9E8A-846398841796}.Debug|Any CPU.Build.0 = Debug|Any CPU
		{6EE3AC87-576E-4081-9E8A-846398841796}.Release|Any CPU.ActiveCfg = Release|Any CPU
		{6EE3AC87-576E-4081-9E8A-846398841796}.Release|Any CPU.Build.0 = Release|Any CPU
	EndGlobalSection
	GlobalSection(SolutionProperties) = preSolution
		HideSolutionNode = FALSE
	EndGlobalSection
	GlobalSection(ExtensibilityGlobals) = postSolution
		SolutionGuid = {F688BB62-39D4-4076-8BB4-1E7A712CF446}
	EndGlobalSection
EndGlobal
